hash: a65d83b15aa37853c573eb7d92d2c2602106dd405fa6e204ab7a3c3f3b464c39
updated: 2018-03-08T08:45:47.152810516-06:00
imports:
- name: github.com/eknkc/basex
  version: a98a99981862dee877c1b978b9ad3844f9055eac
- name: github.com/golang/protobuf
  version: 925541529c1fa6821df4e44ce2723319eb2be768
  subpackages:
  - proto
- name: github.com/martinlindhe/base36
  version: 44e007f2c95e7c7396eb67802b9bd1ac9123785f
testImports: []
